
Microsoft Visual Studio Solution File, Format Version 12.00
# Visual Studio Version 16
VisualStudioVersion = 16.0.32002.261
MinimumVisualStudioVersion = 10.0.40219.1
Project("{FAE04EC0-301F-11D3-BF4B-00C04F79EFBC}") = "diablo", "diablo\diablo.csproj", "{2B8FF216-ECFE-4970-ABE5-43ADF1EB848F}"
EndProject
Global
	GlobalSection(SolutionConfigurationPlatforms) = preSolution
		Debug|Any CPU = Debug|Any CPU
		Release|Any CPU = Release|Any CPU
	EndGlobalSection
	GlobalSection(ProjectConfigurationPlatforms) = postSolution
		{2B8FF216-ECFE-4970-ABE5-43ADF1EB848F}.Debug|Any CPU.ActiveCfg = Debug|Any CPU
		{2B8FF216-ECFE-4970-ABE5-43ADF1EB848F}.Debug|Any CPU.Build.0 = Debug|Any CPU
		{2B8FF216-ECFE-4970-ABE5-43ADF1EB848F}.Release|Any CPU.ActiveCfg = Release|Any CPU
		{2B8FF216-ECFE-4970-ABE5-43ADF1EB848F}.Release|Any CPU.Build.0 = Release|Any CPU
	EndGlobalSection
	GlobalSection(SolutionProperties) = preSolution
		HideSolutionNode = FALSE
	EndGlobalSection
	GlobalSection(ExtensibilityGlobals) = postSolution
		SolutionGuid = {16520BC8-0CCE-405E-8D07-8C4F07466058}
	EndGlobalSection
EndGlobal
